
Microsoft Visual Studio Solution File, Format Version 12.00
# Visual Studio Version 17
VisualStudioVersion = 17.6.33829.357
MinimumVisualStudioVersion = 10.0.40219.1
Project("{FAE04EC0-301F-11D3-BF4B-00C04F79EFBC}") = "ConsoleApp4", "ConsoleApp4\ConsoleApp4.csproj", "{E430C455-8DA2-4310-9F6F-7310F92379D2}"
EndProject
Global
	GlobalSection(SolutionConfigurationPlatforms) = preSolution
		Debug|Any CPU = Debug|Any CPU
		Release|Any CPU = Release|Any CPU
	EndGlobalSection
	GlobalSection(ProjectConfigurationPlatforms) = postSolution
		{E430C455-8DA2-4310-9F6F-7310F92379D2}.Debug|Any CPU.ActiveCfg = Debug|Any CPU
		{E430C455-8DA2-4310-9F6F-7310F92379D2}.Debug|Any CPU.Build.0 = Debug|Any CPU
		{E430C455-8DA2-4310-9F6F-7310F92379D2}.Release|Any CPU.ActiveCfg = Release|Any CPU
		{E430C455-8DA2-4310-9F6F-7310F92379D2}.Release|Any CPU.Build.0 = Release|Any CPU
	EndGlobalSection
	GlobalSection(SolutionProperties) = preSolution
		HideSolutionNode = FALSE
	EndGlobalSection
	GlobalSection(ExtensibilityGlobals) = postSolution
		SolutionGuid = {C4033D9F-FEB1-49F2-B0D6-895298D7CCBC}
	EndGlobalSection
EndGlobal
